
Microsoft Visual Studio Solution File, Format Version 12.00
# Visual Studio 2015
Project("{FAE04EC0-301F-11D3-BF4B-00C04F79EFBC}") = "Bullet Hell.CSharp", "Bullet Hell.CSharp.csproj", "{3F8D277B-90D7-F98A-B1A7-E6FA213D5C9C}"
EndProject
Global
	GlobalSection(SolutionConfigurationPlatforms) = preSolution
		Debug|Any CPU = Debug|Any CPU
		Release|Any CPU = Release|Any CPU
	EndGlobalSection
	GlobalSection(ProjectConfigurationPlatforms) = postSolution
		{3F8D277B-90D7-F98A-B1A7-E6FA213D5C9C}.Debug|Any CPU.ActiveCfg = Debug|Any CPU
		{3F8D277B-90D7-F98A-B1A7-E6FA213D5C9C}.Debug|Any CPU.Build.0 = Debug|Any CPU
		{3F8D277B-90D7-F98A-B1A7-E6FA213D5C9C}.Release|Any CPU.ActiveCfg = Release|Any CPU
		{3F8D277B-90D7-F98A-B1A7-E6FA213D5C9C}.Release|Any CPU.Build.0 = Release|Any CPU
	EndGlobalSection
	GlobalSection(SolutionProperties) = preSolution
		HideSolutionNode = FALSE
	EndGlobalSection
EndGlobal
